
Microsoft Visual Studio Solution File, Format Version 12.00
# Visual Studio Version 17
VisualStudioVersion = 17.3.32929.385
MinimumVisualStudioVersion = 10.0.40219.1
Project("{FAE04EC0-301F-11D3-BF4B-00C04F79EFBC}") = "01.PasswordReset", "01.PasswordReset\01.PasswordReset.csproj", "{6DCEC1F2-6F69-48C3-8B6F-5AE7CFE94AEA}"
EndProject
Project("{FAE04EC0-301F-11D3-BF4B-00C04F79EFBC}") = "02.FancyBarcodes", "02.FancyBarcodes\02.FancyBarcodes.csproj", "{C5062E82-3A41-4F32-A300-F9CBA7FFB7C1}"
EndProject
Project("{FAE04EC0-301F-11D3-BF4B-00C04F79EFBC}") = "03.HeroesOfCodeAndLogicVII", "03.HeroesOfCodeAndLogicVII\03.HeroesOfCodeAndLogicVII.csproj", "{003599BD-2F16-4833-B630-49709FE4E0F3}"
EndProject
Global
	GlobalSection(SolutionConfigurationPlatforms) = preSolution
		Debug|Any CPU = Debug|Any CPU
		Release|Any CPU = Release|Any CPU
	EndGlobalSection
	GlobalSection(ProjectConfigurationPlatforms) = postSolution
		{6DCEC1F2-6F69-48C3-8B6F-5AE7CFE94AEA}.Debug|Any CPU.ActiveCfg = Debug|Any CPU
		{6DCEC1F2-6F69-48C3-8B6F-5AE7CFE94AEA}.Debug|Any CPU.Build.0 = Debug|Any CPU
		{6DCEC1F2-6F69-48C3-8B6F-5AE7CFE94AEA}.Release|Any CPU.ActiveCfg = Release|Any CPU
		{6DCEC1F2-6F69-48C3-8B6F-5AE7CFE94AEA}.Release|Any CPU.Build.0 = Release|Any CPU
		{C5062E82-3A41-4F32-A300-F9CBA7FFB7C1}.Debug|Any CPU.ActiveCfg = Debug|Any CPU
		{C5062E82-3A41-4F32-A300-F9CBA7FFB7C1}.Debug|Any CPU.Build.0 = Debug|Any CPU
		{C5062E82-3A41-4F32-A300-F9CBA7FFB7C1}.Release|Any CPU.ActiveCfg = Release|Any CPU
		{C5062E82-3A41-4F32-A300-F9CBA7FFB7C1}.Release|Any CPU.Build.0 = Release|Any CPU
		{003599BD-2F16-4833-B630-49709FE4E0F3}.Debug|Any CPU.ActiveCfg = Debug|Any CPU
		{003599BD-2F16-4833-B630-49709FE4E0F3}.Debug|Any CPU.Build.0 = Debug|Any CPU
		{003599BD-2F16-4833-B630-49709FE4E0F3}.Release|Any CPU.ActiveCfg = Release|Any CPU
		{003599BD-2F16-4833-B630-49709FE4E0F3}.Release|Any CPU.Build.0 = Release|Any CPU
	EndGlobalSection
	GlobalSection(SolutionProperties) = preSolution
		HideSolutionNode = FALSE
	EndGlobalSection
	GlobalSection(ExtensibilityGlobals) = postSolution
		SolutionGuid = {5ED46056-5145-4B64-910B-8706ACE733D1}
	EndGlobalSection
EndGlobal
