
Microsoft Visual Studio Solution File, Format Version 12.00
# Visual Studio Version 16
VisualStudioVersion = 16.0.31613.86
MinimumVisualStudioVersion = 10.0.40219.1
Project("{9A19103F-16F7-4668-BE54-9A1E7A4F7556}") = "01.DayOfWeek", "01.DayOfWeek\01.DayOfWeek.csproj", "{9AF22836-5BF9-4EEC-8020-41FB889D5CBD}"
EndProject
Project("{9A19103F-16F7-4668-BE54-9A1E7A4F7556}") = "02.WeekendOrWorkingDay", "02.WeekendOrWorkingDay\02.WeekendOrWorkingDay.csproj", "{A5ADB1B8-83A1-4EF1-A008-35FD9695EB7F}"
EndProject
Project("{9A19103F-16F7-4668-BE54-9A1E7A4F7556}") = "03.AnimalType", "03.AnimalType\03.AnimalType.csproj", "{DE95500B-DB06-419C-AF14-50EDEA11A68E}"
EndProject
Project("{9A19103F-16F7-4668-BE54-9A1E7A4F7556}") = "04.PersonalTitles", "04.PersonalTitles\04.PersonalTitles.csproj", "{1E548390-15B4-4747-B7E4-AC79783DACCF}"
EndProject
Project("{9A19103F-16F7-4668-BE54-9A1E7A4F7556}") = "05.SmallShop", "05.SmallShop\05.SmallShop.csproj", "{608BFDAC-DD30-4711-AC84-4BF8B48EFAFA}"
EndProject
Project("{9A19103F-16F7-4668-BE54-9A1E7A4F7556}") = "06.NumberInRange", "06.NumberInRange\06.NumberInRange.csproj", "{1CEF5900-C59F-4298-900D-501C289CEBE7}"
EndProject
Project("{9A19103F-16F7-4668-BE54-9A1E7A4F7556}") = "07.WorkingHours", "07.WorkingHours\07.WorkingHours.csproj", "{BD674905-F368-4C7B-8FF8-53574115E093}"
EndProject
Project("{9A19103F-16F7-4668-BE54-9A1E7A4F7556}") = "08.CinemaTicket", "08.CinemaTicket\08.CinemaTicket.csproj", "{9B8F2EC4-DCE6-4953-B9D5-D581E30F5CD3}"
EndProject
Project("{9A19103F-16F7-4668-BE54-9A1E7A4F7556}") = "09.FruitOrVegetable", "09.FruitOrVegetable\09.FruitOrVegetable.csproj", "{B363F01E-66AD-40D3-9073-9ACBEE4A1511}"
EndProject
Project("{9A19103F-16F7-4668-BE54-9A1E7A4F7556}") = "10.InvalidNumber", "10.InvalidNumber\10.InvalidNumber.csproj", "{0D25A577-4C50-48D4-BC01-70CF620AF435}"
EndProject
Project("{9A19103F-16F7-4668-BE54-9A1E7A4F7556}") = "11.FruitShop", "11.FruitShop\11.FruitShop.csproj", "{FA71244F-E0F6-46BB-939F-191778AF578C}"
EndProject
Project("{9A19103F-16F7-4668-BE54-9A1E7A4F7556}") = "12.TradeCommissions", "12.TradeCommissions\12.TradeCommissions.csproj", "{B9A792F0-0536-4CDE-AAE1-43B7321175E7}"
EndProject
Project("{FAE04EC0-301F-11D3-BF4B-00C04F79EFBC}") = "13.SkiTrip", "13.SkiTrip\13.SkiTrip.csproj", "{C273184A-1E79-48C4-A759-0E8EB5EF541C}"
EndProject
Global
	GlobalSection(SolutionConfigurationPlatforms) = preSolution
		Debug|Any CPU = Debug|Any CPU
		Release|Any CPU = Release|Any CPU
	EndGlobalSection
	GlobalSection(ProjectConfigurationPlatforms) = postSolution
		{9AF22836-5BF9-4EEC-8020-41FB889D5CBD}.Debug|Any CPU.ActiveCfg = Debug|Any CPU
		{9AF22836-5BF9-4EEC-8020-41FB889D5CBD}.Debug|Any CPU.Build.0 = Debug|Any CPU
		{9AF22836-5BF9-4EEC-8020-41FB889D5CBD}.Release|Any CPU.ActiveCfg = Release|Any CPU
		{9AF22836-5BF9-4EEC-8020-41FB889D5CBD}.Release|Any CPU.Build.0 = Release|Any CPU
		{A5ADB1B8-83A1-4EF1-A008-35FD9695EB7F}.Debug|Any CPU.ActiveCfg = Debug|Any CPU
		{A5ADB1B8-83A1-4EF1-A008-35FD9695EB7F}.Debug|Any CPU.Build.0 = Debug|Any CPU
		{A5ADB1B8-83A1-4EF1-A008-35FD9695EB7F}.Release|Any CPU.ActiveCfg = Release|Any CPU
		{A5ADB1B8-83A1-4EF1-A008-35FD9695EB7F}.Release|Any CPU.Build.0 = Release|Any CPU
		{DE95500B-DB06-419C-AF14-50EDEA11A68E}.Debug|Any CPU.ActiveCfg = Debug|Any CPU
		{DE95500B-DB06-419C-AF14-50EDEA11A68E}.Debug|Any CPU.Build.0 = Debug|Any CPU
		{DE95500B-DB06-419C-AF14-50EDEA11A68E}.Release|Any CPU.ActiveCfg = Release|Any CPU
		{DE95500B-DB06-419C-AF14-50EDEA11A68E}.Release|Any CPU.Build.0 = Release|Any CPU
		{1E548390-15B4-4747-B7E4-AC79783DACCF}.Debug|Any CPU.ActiveCfg = Debug|Any CPU
		{1E548390-15B4-4747-B7E4-AC79783DACCF}.Debug|Any CPU.Build.0 = Debug|Any CPU
		{1E548390-15B4-4747-B7E4-AC79783DACCF}.Release|Any CPU.ActiveCfg = Release|Any CPU
		{1E548390-15B4-4747-B7E4-AC79783DACCF}.Release|Any CPU.Build.0 = Release|Any CPU
		{608BFDAC-DD30-4711-AC84-4BF8B48EFAFA}.Debug|Any CPU.ActiveCfg = Debug|Any CPU
		{608BFDAC-DD30-4711-AC84-4BF8B48EFAFA}.Debug|Any CPU.Build.0 = Debug|Any CPU
		{608BFDAC-DD30-4711-AC84-4BF8B48EFAFA}.Release|Any CPU.ActiveCfg = Release|Any CPU
		{608BFDAC-DD30-4711-AC84-4BF8B48EFAFA}.Release|Any CPU.Build.0 = Release|Any CPU
		{1CEF5900-C59F-4298-900D-501C289CEBE7}.Debug|Any CPU.ActiveCfg = Debug|Any CPU
		{1CEF5900-C59F-4298-900D-501C289CEBE7}.Debug|Any CPU.Build.0 = Debug|Any CPU
		{1CEF5900-C59F-4298-900D-501C289CEBE7}.Release|Any CPU.ActiveCfg = Release|Any CPU
		{1CEF5900-C59F-4298-900D-501C289CEBE7}.Release|Any CPU.Build.0 = Release|Any CPU
		{BD674905-F368-4C7B-8FF8-53574115E093}.Debug|Any CPU.ActiveCfg = Debug|Any CPU
		{BD674905-F368-4C7B-8FF8-53574115E093}.Debug|Any CPU.Build.0 = Debug|Any CPU
		{BD674905-F368-4C7B-8FF8-53574115E093}.Release|Any CPU.ActiveCfg = Release|Any CPU
		{BD674905-F368-4C7B-8FF8-53574115E093}.Release|Any CPU.Build.0 = Release|Any CPU
		{9B8F2EC4-DCE6-4953-B9D5-D581E30F5CD3}.Debug|Any CPU.ActiveCfg = Debug|Any CPU
		{9B8F2EC4-DCE6-4953-B9D5-D581E30F5CD3}.Debug|Any CPU.Build.0 = Debug|Any CPU
		{9B8F2EC4-DCE6-4953-B9D5-D581E30F5CD3}.Release|Any CPU.ActiveCfg = Release|Any CPU
		{9B8F2EC4-DCE6-4953-B9D5-D581E30F5CD3}.Release|Any CPU.Build.0 = Release|Any CPU
		{B363F01E-66AD-40D3-9073-9ACBEE4A1511}.Debug|Any CPU.ActiveCfg = Debug|Any CPU
		{B363F01E-66AD-40D3-9073-9ACBEE4A1511}.Debug|Any CPU.Build.0 = Debug|Any CPU
		{B363F01E-66AD-40D3-9073-9ACBEE4A1511}.Release|Any CPU.ActiveCfg = Release|Any CPU
		{B363F01E-66AD-40D3-9073-9ACBEE4A1511}.Release|Any CPU.Build.0 = Release|Any CPU
		{0D25A577-4C50-48D4-BC01-70CF620AF435}.Debug|Any CPU.ActiveCfg = Debug|Any CPU
		{0D25A577-4C50-48D4-BC01-70CF620AF435}.Debug|Any CPU.Build.0 = Debug|Any CPU
		{0D25A577-4C50-48D4-BC01-70CF620AF435}.Release|Any CPU.ActiveCfg = Release|Any CPU
		{0D25A577-4C50-48D4-BC01-70CF620AF435}.Release|Any CPU.Build.0 = Release|Any CPU
		{FA71244F-E0F6-46BB-939F-191778AF578C}.Debug|Any CPU.ActiveCfg = Debug|Any CPU
		{FA71244F-E0F6-46BB-939F-191778AF578C}.Debug|Any CPU.Build.0 = Debug|Any CPU
		{FA71244F-E0F6-46BB-939F-191778AF578C}.Release|Any CPU.ActiveCfg = Release|Any CPU
		{FA71244F-E0F6-46BB-939F-191778AF578C}.Release|Any CPU.Build.0 = Release|Any CPU
		{B9A792F0-0536-4CDE-AAE1-43B7321175E7}.Debug|Any CPU.ActiveCfg = Debug|Any CPU
		{B9A792F0-0536-4CDE-AAE1-43B7321175E7}.Debug|Any CPU.Build.0 = Debug|Any CPU
		{B9A792F0-0536-4CDE-AAE1-43B7321175E7}.Release|Any CPU.ActiveCfg = Release|Any CPU
		{B9A792F0-0536-4CDE-AAE1-43B7321175E7}.Release|Any CPU.Build.0 = Release|Any CPU
		{C273184A-1E79-48C4-A759-0E8EB5EF541C}.Debug|Any CPU.ActiveCfg = Debug|Any CPU
		{C273184A-1E79-48C4-A759-0E8EB5EF541C}.Debug|Any CPU.Build.0 = Debug|Any CPU
		{C273184A-1E79-48C4-A759-0E8EB5EF541C}.Release|Any CPU.ActiveCfg = Release|Any CPU
		{C273184A-1E79-48C4-A759-0E8EB5EF541C}.Release|Any CPU.Build.0 = Release|Any CPU
	EndGlobalSection
	GlobalSection(SolutionProperties) = preSolution
		HideSolutionNode = FALSE
	EndGlobalSection
	GlobalSection(ExtensibilityGlobals) = postSolution
		SolutionGuid = {C6D35AF8-6693-4208-9832-56D95E0FA43D}
	EndGlobalSection
EndGlobal
