
Microsoft Visual Studio Solution File, Format Version 12.00
# Visual Studio Version 17
VisualStudioVersion = 17.3.32929.385
MinimumVisualStudioVersion = 10.0.40219.1
Project("{FAE04EC0-301F-11D3-BF4B-00C04F79EFBC}") = "01.TheImitationGame", "01.TheImitationGame\01.TheImitationGame.csproj", "{D3321B55-1401-4469-85BF-BE0641867CDD}"
EndProject
Project("{FAE04EC0-301F-11D3-BF4B-00C04F79EFBC}") = "02.AdAstra", "02.AdAstra\02.AdAstra.csproj", "{70FF7549-4934-4A0F-9DA4-B67612B3E1E3}"
EndProject
Project("{FAE04EC0-301F-11D3-BF4B-00C04F79EFBC}") = "03.ThePianist", "03.ThePianist\03.ThePianist.csproj", "{03DE057F-B7D0-4337-BEE7-C7A9B2BAE027}"
EndProject
Global
	GlobalSection(SolutionConfigurationPlatforms) = preSolution
		Debug|Any CPU = Debug|Any CPU
		Release|Any CPU = Release|Any CPU
	EndGlobalSection
	GlobalSection(ProjectConfigurationPlatforms) = postSolution
		{D3321B55-1401-4469-85BF-BE0641867CDD}.Debug|Any CPU.ActiveCfg = Debug|Any CPU
		{D3321B55-1401-4469-85BF-BE0641867CDD}.Debug|Any CPU.Build.0 = Debug|Any CPU
		{D3321B55-1401-4469-85BF-BE0641867CDD}.Release|Any CPU.ActiveCfg = Release|Any CPU
		{D3321B55-1401-4469-85BF-BE0641867CDD}.Release|Any CPU.Build.0 = Release|Any CPU
		{70FF7549-4934-4A0F-9DA4-B67612B3E1E3}.Debug|Any CPU.ActiveCfg = Debug|Any CPU
		{70FF7549-4934-4A0F-9DA4-B67612B3E1E3}.Debug|Any CPU.Build.0 = Debug|Any CPU
		{70FF7549-4934-4A0F-9DA4-B67612B3E1E3}.Release|Any CPU.ActiveCfg = Release|Any CPU
		{70FF7549-4934-4A0F-9DA4-B67612B3E1E3}.Release|Any CPU.Build.0 = Release|Any CPU
		{03DE057F-B7D0-4337-BEE7-C7A9B2BAE027}.Debug|Any CPU.ActiveCfg = Debug|Any CPU
		{03DE057F-B7D0-4337-BEE7-C7A9B2BAE027}.Debug|Any CPU.Build.0 = Debug|Any CPU
		{03DE057F-B7D0-4337-BEE7-C7A9B2BAE027}.Release|Any CPU.ActiveCfg = Release|Any CPU
		{03DE057F-B7D0-4337-BEE7-C7A9B2BAE027}.Release|Any CPU.Build.0 = Release|Any CPU
	EndGlobalSection
	GlobalSection(SolutionProperties) = preSolution
		HideSolutionNode = FALSE
	EndGlobalSection
	GlobalSection(ExtensibilityGlobals) = postSolution
		SolutionGuid = {A64952AD-7CD8-488D-9A28-E578DEAFC50C}
	EndGlobalSection
EndGlobal
