
Microsoft Visual Studio Solution File, Format Version 12.00
# Visual Studio Version 17
VisualStudioVersion = 17.3.32929.385
MinimumVisualStudioVersion = 10.0.40219.1
Project("{FAE04EC0-301F-11D3-BF4B-00C04F79EFBC}") = "01.CountRealNumbers", "01.CountRealNumbers\01.CountRealNumbers.csproj", "{33DCAB9E-E40F-478A-9929-A41782D5B3B2}"
EndProject
Project("{FAE04EC0-301F-11D3-BF4B-00C04F79EFBC}") = "02.OddOccurrences", "02.OddOccurrences\02.OddOccurrences.csproj", "{AA7BB092-8025-4CB4-AFC7-35D740067364}"
EndProject
Project("{FAE04EC0-301F-11D3-BF4B-00C04F79EFBC}") = "03.WordSynonyms", "03.WordSynonyms\03.WordSynonyms.csproj", "{EF4DEECF-5BF5-469F-A500-CF73622CB84A}"
EndProject
Project("{FAE04EC0-301F-11D3-BF4B-00C04F79EFBC}") = "04.WordFilter", "04.WordFilter\04.WordFilter.csproj", "{A5C4F0FD-629C-478F-89CC-512C0BE37CA9}"
EndProject
Global
	GlobalSection(SolutionConfigurationPlatforms) = preSolution
		Debug|Any CPU = Debug|Any CPU
		Release|Any CPU = Release|Any CPU
	EndGlobalSection
	GlobalSection(ProjectConfigurationPlatforms) = postSolution
		{33DCAB9E-E40F-478A-9929-A41782D5B3B2}.Debug|Any CPU.ActiveCfg = Debug|Any CPU
		{33DCAB9E-E40F-478A-9929-A41782D5B3B2}.Debug|Any CPU.Build.0 = Debug|Any CPU
		{33DCAB9E-E40F-478A-9929-A41782D5B3B2}.Release|Any CPU.ActiveCfg = Release|Any CPU
		{33DCAB9E-E40F-478A-9929-A41782D5B3B2}.Release|Any CPU.Build.0 = Release|Any CPU
		{AA7BB092-8025-4CB4-AFC7-35D740067364}.Debug|Any CPU.ActiveCfg = Debug|Any CPU
		{AA7BB092-8025-4CB4-AFC7-35D740067364}.Debug|Any CPU.Build.0 = Debug|Any CPU
		{AA7BB092-8025-4CB4-AFC7-35D740067364}.Release|Any CPU.ActiveCfg = Release|Any CPU
		{AA7BB092-8025-4CB4-AFC7-35D740067364}.Release|Any CPU.Build.0 = Release|Any CPU
		{EF4DEECF-5BF5-469F-A500-CF73622CB84A}.Debug|Any CPU.ActiveCfg = Debug|Any CPU
		{EF4DEECF-5BF5-469F-A500-CF73622CB84A}.Debug|Any CPU.Build.0 = Debug|Any CPU
		{EF4DEECF-5BF5-469F-A500-CF73622CB84A}.Release|Any CPU.ActiveCfg = Release|Any CPU
		{EF4DEECF-5BF5-469F-A500-CF73622CB84A}.Release|Any CPU.Build.0 = Release|Any CPU
		{A5C4F0FD-629C-478F-89CC-512C0BE37CA9}.Debug|Any CPU.ActiveCfg = Debug|Any CPU
		{A5C4F0FD-629C-478F-89CC-512C0BE37CA9}.Debug|Any CPU.Build.0 = Debug|Any CPU
		{A5C4F0FD-629C-478F-89CC-512C0BE37CA9}.Release|Any CPU.ActiveCfg = Release|Any CPU
		{A5C4F0FD-629C-478F-89CC-512C0BE37CA9}.Release|Any CPU.Build.0 = Release|Any CPU
	EndGlobalSection
	GlobalSection(SolutionProperties) = preSolution
		HideSolutionNode = FALSE
	EndGlobalSection
	GlobalSection(ExtensibilityGlobals) = postSolution
		SolutionGuid = {2E154911-75D4-4886-A977-1E44AF989C8C}
	EndGlobalSection
EndGlobal
