
Microsoft Visual Studio Solution File, Format Version 12.00
# Visual Studio Version 17
VisualStudioVersion = 17.3.32929.385
MinimumVisualStudioVersion = 10.0.40219.1
Project("{FAE04EC0-301F-11D3-BF4B-00C04F79EFBC}") = "01.SecretChat", "01.SecretChat\01.SecretChat.csproj", "{D10AB11E-63E9-4C89-8EC7-9AE7281B54A3}"
EndProject
Project("{FAE04EC0-301F-11D3-BF4B-00C04F79EFBC}") = "02.MirrorWords", "02.MirrorWords\02.MirrorWords.csproj", "{30894202-F96E-465D-9F0B-59C48924ADF3}"
EndProject
Project("{FAE04EC0-301F-11D3-BF4B-00C04F79EFBC}") = "03.NeedForSpeedIII", "03.NeedForSpeedIII\03.NeedForSpeedIII.csproj", "{D91EBE01-CA70-4B0E-8054-642979FD7CE0}"
EndProject
Global
	GlobalSection(SolutionConfigurationPlatforms) = preSolution
		Debug|Any CPU = Debug|Any CPU
		Release|Any CPU = Release|Any CPU
	EndGlobalSection
	GlobalSection(ProjectConfigurationPlatforms) = postSolution
		{D10AB11E-63E9-4C89-8EC7-9AE7281B54A3}.Debug|Any CPU.ActiveCfg = Debug|Any CPU
		{D10AB11E-63E9-4C89-8EC7-9AE7281B54A3}.Debug|Any CPU.Build.0 = Debug|Any CPU
		{D10AB11E-63E9-4C89-8EC7-9AE7281B54A3}.Release|Any CPU.ActiveCfg = Release|Any CPU
		{D10AB11E-63E9-4C89-8EC7-9AE7281B54A3}.Release|Any CPU.Build.0 = Release|Any CPU
		{30894202-F96E-465D-9F0B-59C48924ADF3}.Debug|Any CPU.ActiveCfg = Debug|Any CPU
		{30894202-F96E-465D-9F0B-59C48924ADF3}.Debug|Any CPU.Build.0 = Debug|Any CPU
		{30894202-F96E-465D-9F0B-59C48924ADF3}.Release|Any CPU.ActiveCfg = Release|Any CPU
		{30894202-F96E-465D-9F0B-59C48924ADF3}.Release|Any CPU.Build.0 = Release|Any CPU
		{D91EBE01-CA70-4B0E-8054-642979FD7CE0}.Debug|Any CPU.ActiveCfg = Debug|Any CPU
		{D91EBE01-CA70-4B0E-8054-642979FD7CE0}.Debug|Any CPU.Build.0 = Debug|Any CPU
		{D91EBE01-CA70-4B0E-8054-642979FD7CE0}.Release|Any CPU.ActiveCfg = Release|Any CPU
		{D91EBE01-CA70-4B0E-8054-642979FD7CE0}.Release|Any CPU.Build.0 = Release|Any CPU
	EndGlobalSection
	GlobalSection(SolutionProperties) = preSolution
		HideSolutionNode = FALSE
	EndGlobalSection
	GlobalSection(ExtensibilityGlobals) = postSolution
		SolutionGuid = {B83E5E48-F612-404C-AD50-7EFA35DB99F9}
	EndGlobalSection
EndGlobal
