
Microsoft Visual Studio Solution File, Format Version 12.00
# Visual Studio Version 16
VisualStudioVersion = 16.0.31613.86
MinimumVisualStudioVersion = 10.0.40219.1
Project("{9A19103F-16F7-4668-BE54-9A1E7A4F7556}") = "01.MatchTickets", "01.MatchTickets\01.MatchTickets.csproj", "{84254648-C3D2-428A-A1F8-E41D23848F05}"
EndProject
Project("{9A19103F-16F7-4668-BE54-9A1E7A4F7556}") = "02.BikeRace", "02.BikeRace\02.BikeRace.csproj", "{C87DA3BB-AFF5-48EB-84D5-496CE8C513FE}"
EndProject
Project("{9A19103F-16F7-4668-BE54-9A1E7A4F7556}") = "03.Flowers", "03.Flowers\03.Flowers.csproj", "{296C8A3C-788E-4830-8549-EB3A077ACA86}"
EndProject
Project("{9A19103F-16F7-4668-BE54-9A1E7A4F7556}") = "04.CarToGo", "04.CarToGo\04.CarToGo.csproj", "{B1BB889F-0D32-4F55-AB18-8F52F03925AC}"
EndProject
Project("{9A19103F-16F7-4668-BE54-9A1E7A4F7556}") = "05.Vacation", "05.Vacation\05.Vacation.csproj", "{7CC31452-B4F8-4E4C-9D3B-792A29F58AB0}"
EndProject
Project("{9A19103F-16F7-4668-BE54-9A1E7A4F7556}") = "06.TruckDriver", "06.TruckDriver\06.TruckDriver.csproj", "{8D742395-50A0-43B2-A96E-101519E437FF}"
EndProject
Project("{9A19103F-16F7-4668-BE54-9A1E7A4F7556}") = "07.SchoolCamp", "07.SchoolCamp\07.SchoolCamp.csproj", "{0F5C8063-9FA8-4486-BB1C-3548EBF91746}"
EndProject
Project("{9A19103F-16F7-4668-BE54-9A1E7A4F7556}") = "08.PointOnRectangleBorder", "08.PointOnRectangleBorder\08.PointOnRectangleBorder.csproj", "{DB81FFA1-E926-432D-A141-2188668A440E}"
EndProject
Project("{FAE04EC0-301F-11D3-BF4B-00C04F79EFBC}") = "09.NumbersFrom1To10", "09.NumbersFrom1To10\09.NumbersFrom1To10.csproj", "{78F90C77-4F2A-42FF-8993-BC6ACA130693}"
EndProject
Project("{FAE04EC0-301F-11D3-BF4B-00C04F79EFBC}") = "10.MultiplyBy2", "10.MultiplyBy2\10.MultiplyBy2.csproj", "{69B623D4-90DD-4952-A19B-79C3A06C0102}"
EndProject
Global
	GlobalSection(SolutionConfigurationPlatforms) = preSolution
		Debug|Any CPU = Debug|Any CPU
		Release|Any CPU = Release|Any CPU
	EndGlobalSection
	GlobalSection(ProjectConfigurationPlatforms) = postSolution
		{84254648-C3D2-428A-A1F8-E41D23848F05}.Debug|Any CPU.ActiveCfg = Debug|Any CPU
		{84254648-C3D2-428A-A1F8-E41D23848F05}.Debug|Any CPU.Build.0 = Debug|Any CPU
		{84254648-C3D2-428A-A1F8-E41D23848F05}.Release|Any CPU.ActiveCfg = Release|Any CPU
		{84254648-C3D2-428A-A1F8-E41D23848F05}.Release|Any CPU.Build.0 = Release|Any CPU
		{C87DA3BB-AFF5-48EB-84D5-496CE8C513FE}.Debug|Any CPU.ActiveCfg = Debug|Any CPU
		{C87DA3BB-AFF5-48EB-84D5-496CE8C513FE}.Debug|Any CPU.Build.0 = Debug|Any CPU
		{C87DA3BB-AFF5-48EB-84D5-496CE8C513FE}.Release|Any CPU.ActiveCfg = Release|Any CPU
		{C87DA3BB-AFF5-48EB-84D5-496CE8C513FE}.Release|Any CPU.Build.0 = Release|Any CPU
		{296C8A3C-788E-4830-8549-EB3A077ACA86}.Debug|Any CPU.ActiveCfg = Debug|Any CPU
		{296C8A3C-788E-4830-8549-EB3A077ACA86}.Debug|Any CPU.Build.0 = Debug|Any CPU
		{296C8A3C-788E-4830-8549-EB3A077ACA86}.Release|Any CPU.ActiveCfg = Release|Any CPU
		{296C8A3C-788E-4830-8549-EB3A077ACA86}.Release|Any CPU.Build.0 = Release|Any CPU
		{B1BB889F-0D32-4F55-AB18-8F52F03925AC}.Debug|Any CPU.ActiveCfg = Debug|Any CPU
		{B1BB889F-0D32-4F55-AB18-8F52F03925AC}.Debug|Any CPU.Build.0 = Debug|Any CPU
		{B1BB889F-0D32-4F55-AB18-8F52F03925AC}.Release|Any CPU.ActiveCfg = Release|Any CPU
		{B1BB889F-0D32-4F55-AB18-8F52F03925AC}.Release|Any CPU.Build.0 = Release|Any CPU
		{7CC31452-B4F8-4E4C-9D3B-792A29F58AB0}.Debug|Any CPU.ActiveCfg = Debug|Any CPU
		{7CC31452-B4F8-4E4C-9D3B-792A29F58AB0}.Debug|Any CPU.Build.0 = Debug|Any CPU
		{7CC31452-B4F8-4E4C-9D3B-792A29F58AB0}.Release|Any CPU.ActiveCfg = Release|Any CPU
		{7CC31452-B4F8-4E4C-9D3B-792A29F58AB0}.Release|Any CPU.Build.0 = Release|Any CPU
		{8D742395-50A0-43B2-A96E-101519E437FF}.Debug|Any CPU.ActiveCfg = Debug|Any CPU
		{8D742395-50A0-43B2-A96E-101519E437FF}.Debug|Any CPU.Build.0 = Debug|Any CPU
		{8D742395-50A0-43B2-A96E-101519E437FF}.Release|Any CPU.ActiveCfg = Release|Any CPU
		{8D742395-50A0-43B2-A96E-101519E437FF}.Release|Any CPU.Build.0 = Release|Any CPU
		{0F5C8063-9FA8-4486-BB1C-3548EBF91746}.Debug|Any CPU.ActiveCfg = Debug|Any CPU
		{0F5C8063-9FA8-4486-BB1C-3548EBF91746}.Debug|Any CPU.Build.0 = Debug|Any CPU
		{0F5C8063-9FA8-4486-BB1C-3548EBF91746}.Release|Any CPU.ActiveCfg = Release|Any CPU
		{0F5C8063-9FA8-4486-BB1C-3548EBF91746}.Release|Any CPU.Build.0 = Release|Any CPU
		{DB81FFA1-E926-432D-A141-2188668A440E}.Debug|Any CPU.ActiveCfg = Debug|Any CPU
		{DB81FFA1-E926-432D-A141-2188668A440E}.Debug|Any CPU.Build.0 = Debug|Any CPU
		{DB81FFA1-E926-432D-A141-2188668A440E}.Release|Any CPU.ActiveCfg = Release|Any CPU
		{DB81FFA1-E926-432D-A141-2188668A440E}.Release|Any CPU.Build.0 = Release|Any CPU
		{78F90C77-4F2A-42FF-8993-BC6ACA130693}.Debug|Any CPU.ActiveCfg = Debug|Any CPU
		{78F90C77-4F2A-42FF-8993-BC6ACA130693}.Debug|Any CPU.Build.0 = Debug|Any CPU
		{78F90C77-4F2A-42FF-8993-BC6ACA130693}.Release|Any CPU.ActiveCfg = Release|Any CPU
		{78F90C77-4F2A-42FF-8993-BC6ACA130693}.Release|Any CPU.Build.0 = Release|Any CPU
		{69B623D4-90DD-4952-A19B-79C3A06C0102}.Debug|Any CPU.ActiveCfg = Debug|Any CPU
		{69B623D4-90DD-4952-A19B-79C3A06C0102}.Debug|Any CPU.Build.0 = Debug|Any CPU
		{69B623D4-90DD-4952-A19B-79C3A06C0102}.Release|Any CPU.ActiveCfg = Release|Any CPU
		{69B623D4-90DD-4952-A19B-79C3A06C0102}.Release|Any CPU.Build.0 = Release|Any CPU
	EndGlobalSection
	GlobalSection(SolutionProperties) = preSolution
		HideSolutionNode = FALSE
	EndGlobalSection
	GlobalSection(ExtensibilityGlobals) = postSolution
		SolutionGuid = {D48009AC-390F-458C-95CF-DD6F22CB285D}
	EndGlobalSection
EndGlobal
