
Microsoft Visual Studio Solution File, Format Version 12.00
# Visual Studio Version 16
VisualStudioVersion = 16.0.31613.86
MinimumVisualStudioVersion = 10.0.40219.1
Project("{FAE04EC0-301F-11D3-BF4B-00C04F79EFBC}") = "01.EasterLunch", "01.EasterLunch\01.EasterLunch.csproj", "{226A9FE1-4554-4485-9F71-FDF9AF9E2E4E}"
EndProject
Project("{FAE04EC0-301F-11D3-BF4B-00C04F79EFBC}") = "02.EasterBakery", "02.EasterBakery\02.EasterBakery.csproj", "{2CB27127-804E-496C-A5CC-F646B18FB476}"
EndProject
Project("{FAE04EC0-301F-11D3-BF4B-00C04F79EFBC}") = "03.EasterParty", "03.EasterParty\03.EasterParty.csproj", "{C237295D-C17B-4A7F-A8FC-8F9FC8878948}"
EndProject
Project("{FAE04EC0-301F-11D3-BF4B-00C04F79EFBC}") = "04.EasterGuests", "04.EasterGuests\04.EasterGuests.csproj", "{13D129BB-0F35-49A9-89C6-9379FDFB04F8}"
EndProject
Project("{FAE04EC0-301F-11D3-BF4B-00C04F79EFBC}") = "05.EasterTrip", "05.EasterTrip\05.EasterTrip.csproj", "{DDC87EAD-FF0B-46FA-8AE9-2C87FB5F1D51}"
EndProject
Project("{FAE04EC0-301F-11D3-BF4B-00C04F79EFBC}") = "06.PaintingEggs", "06.PaintingEggs\06.PaintingEggs.csproj", "{3A0BD8D1-8229-435D-8AE7-C98998A37EB3}"
EndProject
Project("{FAE04EC0-301F-11D3-BF4B-00C04F79EFBC}") = "07.EasterEggsBattle", "07.EasterEggsBattle\07.EasterEggsBattle.csproj", "{725CA4AB-FE97-42B8-B7B7-30AFBF9A5359}"
EndProject
Project("{FAE04EC0-301F-11D3-BF4B-00C04F79EFBC}") = "08.EasterShop", "08.EasterShop\08.EasterShop.csproj", "{ACFC0A43-0F14-4DB8-998D-038DE954E86D}"
EndProject
Project("{FAE04EC0-301F-11D3-BF4B-00C04F79EFBC}") = "09.EasterEggs", "09.EasterEggs\09.EasterEggs.csproj", "{3EC70D7F-D9BC-4DAC-B267-BA22BB6237DB}"
EndProject
Project("{FAE04EC0-301F-11D3-BF4B-00C04F79EFBC}") = "10.EasterBake", "10.EasterBake\10.EasterBake.csproj", "{A3C32097-B8B3-4393-AE51-EDDC8D3328F5}"
EndProject
Project("{FAE04EC0-301F-11D3-BF4B-00C04F79EFBC}") = "11.EasterCompetition", "11.EasterCompetition\11.EasterCompetition.csproj", "{16019B5B-AE86-44A3-AE95-9336276C2AE9}"
EndProject
Project("{FAE04EC0-301F-11D3-BF4B-00C04F79EFBC}") = "12.EasterDecoration", "12.EasterDecoration\12.EasterDecoration.csproj", "{5D7275BC-BE23-4A59-94B1-E2723200E5BD}"
EndProject
Global
	GlobalSection(SolutionConfigurationPlatforms) = preSolution
		Debug|Any CPU = Debug|Any CPU
		Release|Any CPU = Release|Any CPU
	EndGlobalSection
	GlobalSection(ProjectConfigurationPlatforms) = postSolution
		{226A9FE1-4554-4485-9F71-FDF9AF9E2E4E}.Debug|Any CPU.ActiveCfg = Debug|Any CPU
		{226A9FE1-4554-4485-9F71-FDF9AF9E2E4E}.Debug|Any CPU.Build.0 = Debug|Any CPU
		{226A9FE1-4554-4485-9F71-FDF9AF9E2E4E}.Release|Any CPU.ActiveCfg = Release|Any CPU
		{226A9FE1-4554-4485-9F71-FDF9AF9E2E4E}.Release|Any CPU.Build.0 = Release|Any CPU
		{2CB27127-804E-496C-A5CC-F646B18FB476}.Debug|Any CPU.ActiveCfg = Debug|Any CPU
		{2CB27127-804E-496C-A5CC-F646B18FB476}.Debug|Any CPU.Build.0 = Debug|Any CPU
		{2CB27127-804E-496C-A5CC-F646B18FB476}.Release|Any CPU.ActiveCfg = Release|Any CPU
		{2CB27127-804E-496C-A5CC-F646B18FB476}.Release|Any CPU.Build.0 = Release|Any CPU
		{C237295D-C17B-4A7F-A8FC-8F9FC8878948}.Debug|Any CPU.ActiveCfg = Debug|Any CPU
		{C237295D-C17B-4A7F-A8FC-8F9FC8878948}.Debug|Any CPU.Build.0 = Debug|Any CPU
		{C237295D-C17B-4A7F-A8FC-8F9FC8878948}.Release|Any CPU.ActiveCfg = Release|Any CPU
		{C237295D-C17B-4A7F-A8FC-8F9FC8878948}.Release|Any CPU.Build.0 = Release|Any CPU
		{13D129BB-0F35-49A9-89C6-9379FDFB04F8}.Debug|Any CPU.ActiveCfg = Debug|Any CPU
		{13D129BB-0F35-49A9-89C6-9379FDFB04F8}.Debug|Any CPU.Build.0 = Debug|Any CPU
		{13D129BB-0F35-49A9-89C6-9379FDFB04F8}.Release|Any CPU.ActiveCfg = Release|Any CPU
		{13D129BB-0F35-49A9-89C6-9379FDFB04F8}.Release|Any CPU.Build.0 = Release|Any CPU
		{DDC87EAD-FF0B-46FA-8AE9-2C87FB5F1D51}.Debug|Any CPU.ActiveCfg = Debug|Any CPU
		{DDC87EAD-FF0B-46FA-8AE9-2C87FB5F1D51}.Debug|Any CPU.Build.0 = Debug|Any CPU
		{DDC87EAD-FF0B-46FA-8AE9-2C87FB5F1D51}.Release|Any CPU.ActiveCfg = Release|Any CPU
		{DDC87EAD-FF0B-46FA-8AE9-2C87FB5F1D51}.Release|Any CPU.Build.0 = Release|Any CPU
		{3A0BD8D1-8229-435D-8AE7-C98998A37EB3}.Debug|Any CPU.ActiveCfg = Debug|Any CPU
		{3A0BD8D1-8229-435D-8AE7-C98998A37EB3}.Debug|Any CPU.Build.0 = Debug|Any CPU
		{3A0BD8D1-8229-435D-8AE7-C98998A37EB3}.Release|Any CPU.ActiveCfg = Release|Any CPU
		{3A0BD8D1-8229-435D-8AE7-C98998A37EB3}.Release|Any CPU.Build.0 = Release|Any CPU
		{725CA4AB-FE97-42B8-B7B7-30AFBF9A5359}.Debug|Any CPU.ActiveCfg = Debug|Any CPU
		{725CA4AB-FE97-42B8-B7B7-30AFBF9A5359}.Debug|Any CPU.Build.0 = Debug|Any CPU
		{725CA4AB-FE97-42B8-B7B7-30AFBF9A5359}.Release|Any CPU.ActiveCfg = Release|Any CPU
		{725CA4AB-FE97-42B8-B7B7-30AFBF9A5359}.Release|Any CPU.Build.0 = Release|Any CPU
		{ACFC0A43-0F14-4DB8-998D-038DE954E86D}.Debug|Any CPU.ActiveCfg = Debug|Any CPU
		{ACFC0A43-0F14-4DB8-998D-038DE954E86D}.Debug|Any CPU.Build.0 = Debug|Any CPU
		{ACFC0A43-0F14-4DB8-998D-038DE954E86D}.Release|Any CPU.ActiveCfg = Release|Any CPU
		{ACFC0A43-0F14-4DB8-998D-038DE954E86D}.Release|Any CPU.Build.0 = Release|Any CPU
		{3EC70D7F-D9BC-4DAC-B267-BA22BB6237DB}.Debug|Any CPU.ActiveCfg = Debug|Any CPU
		{3EC70D7F-D9BC-4DAC-B267-BA22BB6237DB}.Debug|Any CPU.Build.0 = Debug|Any CPU
		{3EC70D7F-D9BC-4DAC-B267-BA22BB6237DB}.Release|Any CPU.ActiveCfg = Release|Any CPU
		{3EC70D7F-D9BC-4DAC-B267-BA22BB6237DB}.Release|Any CPU.Build.0 = Release|Any CPU
		{A3C32097-B8B3-4393-AE51-EDDC8D3328F5}.Debug|Any CPU.ActiveCfg = Debug|Any CPU
		{A3C32097-B8B3-4393-AE51-EDDC8D3328F5}.Debug|Any CPU.Build.0 = Debug|Any CPU
		{A3C32097-B8B3-4393-AE51-EDDC8D3328F5}.Release|Any CPU.ActiveCfg = Release|Any CPU
		{A3C32097-B8B3-4393-AE51-EDDC8D3328F5}.Release|Any CPU.Build.0 = Release|Any CPU
		{16019B5B-AE86-44A3-AE95-9336276C2AE9}.Debug|Any CPU.ActiveCfg = Debug|Any CPU
		{16019B5B-AE86-44A3-AE95-9336276C2AE9}.Debug|Any CPU.Build.0 = Debug|Any CPU
		{16019B5B-AE86-44A3-AE95-9336276C2AE9}.Release|Any CPU.ActiveCfg = Release|Any CPU
		{16019B5B-AE86-44A3-AE95-9336276C2AE9}.Release|Any CPU.Build.0 = Release|Any CPU
		{5D7275BC-BE23-4A59-94B1-E2723200E5BD}.Debug|Any CPU.ActiveCfg = Debug|Any CPU
		{5D7275BC-BE23-4A59-94B1-E2723200E5BD}.Debug|Any CPU.Build.0 = Debug|Any CPU
		{5D7275BC-BE23-4A59-94B1-E2723200E5BD}.Release|Any CPU.ActiveCfg = Release|Any CPU
		{5D7275BC-BE23-4A59-94B1-E2723200E5BD}.Release|Any CPU.Build.0 = Release|Any CPU
	EndGlobalSection
	GlobalSection(SolutionProperties) = preSolution
		HideSolutionNode = FALSE
	EndGlobalSection
	GlobalSection(ExtensibilityGlobals) = postSolution
		SolutionGuid = {9E470748-DC1D-4770-B33E-1ED7070A0EDB}
	EndGlobalSection
EndGlobal
