
Microsoft Visual Studio Solution File, Format Version 12.00
# Visual Studio Version 17
VisualStudioVersion = 17.3.32901.215
MinimumVisualStudioVersion = 10.0.40219.1
Project("{9A19103F-16F7-4668-BE54-9A1E7A4F7556}") = "01.AdvertisementMessage", "01.AdvertisementMessage\01.AdvertisementMessage.csproj", "{67A8451D-548A-4D9E-A31B-FA90D8D78F8F}"
EndProject
Project("{9A19103F-16F7-4668-BE54-9A1E7A4F7556}") = "02.Articles", "02.Articles\02.Articles.csproj", "{0619EF0D-BD14-4C18-B823-D64A8CD86A78}"
EndProject
Project("{9A19103F-16F7-4668-BE54-9A1E7A4F7556}") = "03.Articles2.0", "03.Articles2.0\03.Articles2.0.csproj", "{202052C7-C5F6-4C51-983C-EBDB90F9A5D0}"
EndProject
Project("{9A19103F-16F7-4668-BE54-9A1E7A4F7556}") = "04.Students", "04.Students\04.Students.csproj", "{DCBF1810-8DAA-44C1-B035-60B0814AEEBD}"
EndProject
Project("{9A19103F-16F7-4668-BE54-9A1E7A4F7556}") = "05.TeamworkProjects", "05.TeamworkProjects\05.TeamworkProjects.csproj", "{D37A3F9E-ACE6-4250-BC9B-EAA9F30A4B50}"
EndProject
Project("{FAE04EC0-301F-11D3-BF4B-00C04F79EFBC}") = "06.VehicleCatalogue", "06.VehicleCatalogue\06.VehicleCatalogue.csproj", "{7E41BE6D-5656-4F1C-8832-87E8455623CD}"
EndProject
Project("{FAE04EC0-301F-11D3-BF4B-00C04F79EFBC}") = "07.OrderByAge", "07.OrderByAge\07.OrderByAge.csproj", "{9520097D-8379-4ADE-A80B-4B13A469F39E}"
EndProject
Global
	GlobalSection(SolutionConfigurationPlatforms) = preSolution
		Debug|Any CPU = Debug|Any CPU
		Release|Any CPU = Release|Any CPU
	EndGlobalSection
	GlobalSection(ProjectConfigurationPlatforms) = postSolution
		{67A8451D-548A-4D9E-A31B-FA90D8D78F8F}.Debug|Any CPU.ActiveCfg = Debug|Any CPU
		{67A8451D-548A-4D9E-A31B-FA90D8D78F8F}.Debug|Any CPU.Build.0 = Debug|Any CPU
		{67A8451D-548A-4D9E-A31B-FA90D8D78F8F}.Release|Any CPU.ActiveCfg = Release|Any CPU
		{67A8451D-548A-4D9E-A31B-FA90D8D78F8F}.Release|Any CPU.Build.0 = Release|Any CPU
		{0619EF0D-BD14-4C18-B823-D64A8CD86A78}.Debug|Any CPU.ActiveCfg = Debug|Any CPU
		{0619EF0D-BD14-4C18-B823-D64A8CD86A78}.Debug|Any CPU.Build.0 = Debug|Any CPU
		{0619EF0D-BD14-4C18-B823-D64A8CD86A78}.Release|Any CPU.ActiveCfg = Release|Any CPU
		{0619EF0D-BD14-4C18-B823-D64A8CD86A78}.Release|Any CPU.Build.0 = Release|Any CPU
		{202052C7-C5F6-4C51-983C-EBDB90F9A5D0}.Debug|Any CPU.ActiveCfg = Debug|Any CPU
		{202052C7-C5F6-4C51-983C-EBDB90F9A5D0}.Debug|Any CPU.Build.0 = Debug|Any CPU
		{202052C7-C5F6-4C51-983C-EBDB90F9A5D0}.Release|Any CPU.ActiveCfg = Release|Any CPU
		{202052C7-C5F6-4C51-983C-EBDB90F9A5D0}.Release|Any CPU.Build.0 = Release|Any CPU
		{DCBF1810-8DAA-44C1-B035-60B0814AEEBD}.Debug|Any CPU.ActiveCfg = Debug|Any CPU
		{DCBF1810-8DAA-44C1-B035-60B0814AEEBD}.Debug|Any CPU.Build.0 = Debug|Any CPU
		{DCBF1810-8DAA-44C1-B035-60B0814AEEBD}.Release|Any CPU.ActiveCfg = Release|Any CPU
		{DCBF1810-8DAA-44C1-B035-60B0814AEEBD}.Release|Any CPU.Build.0 = Release|Any CPU
		{D37A3F9E-ACE6-4250-BC9B-EAA9F30A4B50}.Debug|Any CPU.ActiveCfg = Debug|Any CPU
		{D37A3F9E-ACE6-4250-BC9B-EAA9F30A4B50}.Debug|Any CPU.Build.0 = Debug|Any CPU
		{D37A3F9E-ACE6-4250-BC9B-EAA9F30A4B50}.Release|Any CPU.ActiveCfg = Release|Any CPU
		{D37A3F9E-ACE6-4250-BC9B-EAA9F30A4B50}.Release|Any CPU.Build.0 = Release|Any CPU
		{7E41BE6D-5656-4F1C-8832-87E8455623CD}.Debug|Any CPU.ActiveCfg = Debug|Any CPU
		{7E41BE6D-5656-4F1C-8832-87E8455623CD}.Debug|Any CPU.Build.0 = Debug|Any CPU
		{7E41BE6D-5656-4F1C-8832-87E8455623CD}.Release|Any CPU.ActiveCfg = Release|Any CPU
		{7E41BE6D-5656-4F1C-8832-87E8455623CD}.Release|Any CPU.Build.0 = Release|Any CPU
		{9520097D-8379-4ADE-A80B-4B13A469F39E}.Debug|Any CPU.ActiveCfg = Debug|Any CPU
		{9520097D-8379-4ADE-A80B-4B13A469F39E}.Debug|Any CPU.Build.0 = Debug|Any CPU
		{9520097D-8379-4ADE-A80B-4B13A469F39E}.Release|Any CPU.ActiveCfg = Release|Any CPU
		{9520097D-8379-4ADE-A80B-4B13A469F39E}.Release|Any CPU.Build.0 = Release|Any CPU
	EndGlobalSection
	GlobalSection(SolutionProperties) = preSolution
		HideSolutionNode = FALSE
	EndGlobalSection
	GlobalSection(ExtensibilityGlobals) = postSolution
		SolutionGuid = {9DEB21D6-7C97-410D-A050-841F1214C77B}
	EndGlobalSection
EndGlobal
