
Microsoft Visual Studio Solution File, Format Version 12.00
# Visual Studio Version 16
VisualStudioVersion = 16.0.31613.86
MinimumVisualStudioVersion = 10.0.40219.1
Project("{9A19103F-16F7-4668-BE54-9A1E7A4F7556}") = "01.RectangleOf10x10Stars", "01.RectangleOf10x10Stars\01.RectangleOf10x10Stars.csproj", "{E294298A-9EE8-45E5-87E1-73B798B8A059}"
EndProject
Project("{9A19103F-16F7-4668-BE54-9A1E7A4F7556}") = "02.RectangleOfNxNStars", "02.RectangleOfNxNStars\02.RectangleOfNxNStars.csproj", "{68DA51F5-CF96-40C9-966D-3F6824960BDF}"
EndProject
Project("{9A19103F-16F7-4668-BE54-9A1E7A4F7556}") = "03.SquareOfStars", "03.SquareOfStars\03.SquareOfStars.csproj", "{50F4315D-03D7-4A6B-96FD-ECB1DD6223E1}"
EndProject
Project("{9A19103F-16F7-4668-BE54-9A1E7A4F7556}") = "04.TriangleOfDollars", "04.TriangleOfDollars\04.TriangleOfDollars.csproj", "{E14A5651-D088-4DFF-924F-D98FDF399997}"
EndProject
Project("{9A19103F-16F7-4668-BE54-9A1E7A4F7556}") = "05.SquareFrame", "05.SquareFrame\05.SquareFrame.csproj", "{18DF6FB7-B242-42E8-987B-C5E069AE646B}"
EndProject
Project("{FAE04EC0-301F-11D3-BF4B-00C04F79EFBC}") = "06.RhombusOfStars", "06.RhombusOfStars\06.RhombusOfStars.csproj", "{58E758BB-82C3-4C3D-989F-0B7F2DC2E2BD}"
EndProject
Project("{FAE04EC0-301F-11D3-BF4B-00C04F79EFBC}") = "07.ChristmasTree", "07.ChristmasTree\07.ChristmasTree.csproj", "{4849B148-F1E1-4632-B95B-D4D91C3B2294}"
EndProject
Project("{FAE04EC0-301F-11D3-BF4B-00C04F79EFBC}") = "08.Sunglasses", "08.Sunglasses\08.Sunglasses.csproj", "{A934ABC7-0A3C-4F16-93C6-0FD870DA1DF0}"
EndProject
Project("{FAE04EC0-301F-11D3-BF4B-00C04F79EFBC}") = "09.House", "09.House\09.House.csproj", "{5B717CB0-6482-4D69-B95B-9B83D8683121}"
EndProject
Project("{FAE04EC0-301F-11D3-BF4B-00C04F79EFBC}") = "10.Diamond", "10.Diamond\10.Diamond.csproj", "{A6DF495E-7DF2-4109-ACB1-30A9F460EA5F}"
EndProject
Global
	GlobalSection(SolutionConfigurationPlatforms) = preSolution
		Debug|Any CPU = Debug|Any CPU
		Release|Any CPU = Release|Any CPU
	EndGlobalSection
	GlobalSection(ProjectConfigurationPlatforms) = postSolution
		{E294298A-9EE8-45E5-87E1-73B798B8A059}.Debug|Any CPU.ActiveCfg = Debug|Any CPU
		{E294298A-9EE8-45E5-87E1-73B798B8A059}.Debug|Any CPU.Build.0 = Debug|Any CPU
		{E294298A-9EE8-45E5-87E1-73B798B8A059}.Release|Any CPU.ActiveCfg = Release|Any CPU
		{E294298A-9EE8-45E5-87E1-73B798B8A059}.Release|Any CPU.Build.0 = Release|Any CPU
		{68DA51F5-CF96-40C9-966D-3F6824960BDF}.Debug|Any CPU.ActiveCfg = Debug|Any CPU
		{68DA51F5-CF96-40C9-966D-3F6824960BDF}.Debug|Any CPU.Build.0 = Debug|Any CPU
		{68DA51F5-CF96-40C9-966D-3F6824960BDF}.Release|Any CPU.ActiveCfg = Release|Any CPU
		{68DA51F5-CF96-40C9-966D-3F6824960BDF}.Release|Any CPU.Build.0 = Release|Any CPU
		{50F4315D-03D7-4A6B-96FD-ECB1DD6223E1}.Debug|Any CPU.ActiveCfg = Debug|Any CPU
		{50F4315D-03D7-4A6B-96FD-ECB1DD6223E1}.Debug|Any CPU.Build.0 = Debug|Any CPU
		{50F4315D-03D7-4A6B-96FD-ECB1DD6223E1}.Release|Any CPU.ActiveCfg = Release|Any CPU
		{50F4315D-03D7-4A6B-96FD-ECB1DD6223E1}.Release|Any CPU.Build.0 = Release|Any CPU
		{E14A5651-D088-4DFF-924F-D98FDF399997}.Debug|Any CPU.ActiveCfg = Debug|Any CPU
		{E14A5651-D088-4DFF-924F-D98FDF399997}.Debug|Any CPU.Build.0 = Debug|Any CPU
		{E14A5651-D088-4DFF-924F-D98FDF399997}.Release|Any CPU.ActiveCfg = Release|Any CPU
		{E14A5651-D088-4DFF-924F-D98FDF399997}.Release|Any CPU.Build.0 = Release|Any CPU
		{18DF6FB7-B242-42E8-987B-C5E069AE646B}.Debug|Any CPU.ActiveCfg = Debug|Any CPU
		{18DF6FB7-B242-42E8-987B-C5E069AE646B}.Debug|Any CPU.Build.0 = Debug|Any CPU
		{18DF6FB7-B242-42E8-987B-C5E069AE646B}.Release|Any CPU.ActiveCfg = Release|Any CPU
		{18DF6FB7-B242-42E8-987B-C5E069AE646B}.Release|Any CPU.Build.0 = Release|Any CPU
		{58E758BB-82C3-4C3D-989F-0B7F2DC2E2BD}.Debug|Any CPU.ActiveCfg = Debug|Any CPU
		{58E758BB-82C3-4C3D-989F-0B7F2DC2E2BD}.Debug|Any CPU.Build.0 = Debug|Any CPU
		{58E758BB-82C3-4C3D-989F-0B7F2DC2E2BD}.Release|Any CPU.ActiveCfg = Release|Any CPU
		{58E758BB-82C3-4C3D-989F-0B7F2DC2E2BD}.Release|Any CPU.Build.0 = Release|Any CPU
		{4849B148-F1E1-4632-B95B-D4D91C3B2294}.Debug|Any CPU.ActiveCfg = Debug|Any CPU
		{4849B148-F1E1-4632-B95B-D4D91C3B2294}.Debug|Any CPU.Build.0 = Debug|Any CPU
		{4849B148-F1E1-4632-B95B-D4D91C3B2294}.Release|Any CPU.ActiveCfg = Release|Any CPU
		{4849B148-F1E1-4632-B95B-D4D91C3B2294}.Release|Any CPU.Build.0 = Release|Any CPU
		{A934ABC7-0A3C-4F16-93C6-0FD870DA1DF0}.Debug|Any CPU.ActiveCfg = Debug|Any CPU
		{A934ABC7-0A3C-4F16-93C6-0FD870DA1DF0}.Debug|Any CPU.Build.0 = Debug|Any CPU
		{A934ABC7-0A3C-4F16-93C6-0FD870DA1DF0}.Release|Any CPU.ActiveCfg = Release|Any CPU
		{A934ABC7-0A3C-4F16-93C6-0FD870DA1DF0}.Release|Any CPU.Build.0 = Release|Any CPU
		{5B717CB0-6482-4D69-B95B-9B83D8683121}.Debug|Any CPU.ActiveCfg = Debug|Any CPU
		{5B717CB0-6482-4D69-B95B-9B83D8683121}.Debug|Any CPU.Build.0 = Debug|Any CPU
		{5B717CB0-6482-4D69-B95B-9B83D8683121}.Release|Any CPU.ActiveCfg = Release|Any CPU
		{5B717CB0-6482-4D69-B95B-9B83D8683121}.Release|Any CPU.Build.0 = Release|Any CPU
		{A6DF495E-7DF2-4109-ACB1-30A9F460EA5F}.Debug|Any CPU.ActiveCfg = Debug|Any CPU
		{A6DF495E-7DF2-4109-ACB1-30A9F460EA5F}.Debug|Any CPU.Build.0 = Debug|Any CPU
		{A6DF495E-7DF2-4109-ACB1-30A9F460EA5F}.Release|Any CPU.ActiveCfg = Release|Any CPU
		{A6DF495E-7DF2-4109-ACB1-30A9F460EA5F}.Release|Any CPU.Build.0 = Release|Any CPU
	EndGlobalSection
	GlobalSection(SolutionProperties) = preSolution
		HideSolutionNode = FALSE
	EndGlobalSection
	GlobalSection(ExtensibilityGlobals) = postSolution
		SolutionGuid = {FA020CD0-0CE8-44E5-BAFD-0DDAF64E20C6}
	EndGlobalSection
EndGlobal
