
Microsoft Visual Studio Solution File, Format Version 12.00
# Visual Studio Version 16
VisualStudioVersion = 16.0.31613.86
MinimumVisualStudioVersion = 10.0.40219.1
Project("{9A19103F-16F7-4668-BE54-9A1E7A4F7556}") = "01.UniquePINCodes", "01.UniquePINCodes\01.UniquePINCodes.csproj", "{CA3FBE0F-2E36-452D-A9F7-D151113160FA}"
EndProject
Project("{9A19103F-16F7-4668-BE54-9A1E7A4F7556}") = "02.LettersCombinations", "02.LettersCombinations\02.LettersCombinations.csproj", "{CC597284-8AFE-4B4E-BD9B-D615E0FD6510}"
EndProject
Project("{9A19103F-16F7-4668-BE54-9A1E7A4F7556}") = "03.LuckyNumbers", "03.LuckyNumbers\03.LuckyNumbers.csproj", "{A597C6DA-4EF5-4140-8BFD-DA14103F8AAF}"
EndProject
Project("{9A19103F-16F7-4668-BE54-9A1E7A4F7556}") = "04.CarNumber", "04.CarNumber\04.CarNumber.csproj", "{2A637A98-C73C-44EC-8813-71FF3A29020D}"
EndProject
Project("{9A19103F-16F7-4668-BE54-9A1E7A4F7556}") = "05.ChallengeТheWedding", "05.ChallengeТheWedding\05.ChallengeТheWedding.csproj", "{C68606FE-22AC-4322-B103-D39771D18029}"
EndProject
Project("{9A19103F-16F7-4668-BE54-9A1E7A4F7556}") = "06.WeddingSeats", "06.WeddingSeats\06.WeddingSeats.csproj", "{A48C8777-21F5-4F1B-83BB-0B8C693DF144}"
EndProject
Project("{FAE04EC0-301F-11D3-BF4B-00C04F79EFBC}") = "07.SafePasswordsGenerator", "07.SafePasswordsGenerator\07.SafePasswordsGenerator.csproj", "{DD9B5F79-47FD-4852-8D54-0C3FC4DD0F46}"
EndProject
Project("{FAE04EC0-301F-11D3-BF4B-00C04F79EFBC}") = "08.SecretDoor'sLock", "08.SecretDoor'sLock\08.SecretDoor'sLock.csproj", "{66746BAA-D740-44B3-8963-C1431B721137}"
EndProject
Project("{FAE04EC0-301F-11D3-BF4B-00C04F79EFBC}") = "09.SumOfTwoNumbers", "09.SumOfTwoNumbers\09.SumOfTwoNumbers.csproj", "{37EC5EF4-0056-4FD7-AA09-89D73C144375}"
EndProject
Project("{FAE04EC0-301F-11D3-BF4B-00C04F79EFBC}") = "10.Profit", "10.Profit\10.Profit.csproj", "{BA38CED0-E6CD-412B-A016-25AB478CDC3E}"
EndProject
Project("{FAE04EC0-301F-11D3-BF4B-00C04F79EFBC}") = "11.HappyCatParking", "11.HappyCatParking\11.HappyCatParking.csproj", "{2A67CEE3-1E19-47B8-A5BF-ECFA9EE00885}"
EndProject
Project("{FAE04EC0-301F-11D3-BF4B-00C04F79EFBC}") = "12.TheSongOfTheWheels", "12.TheSongOfTheWheels\12.TheSongOfTheWheels.csproj", "{6D3EDAC1-3926-47D7-8CF0-C7155E3D6002}"
EndProject
Project("{FAE04EC0-301F-11D3-BF4B-00C04F79EFBC}") = "13.PrimePairs", "13.PrimePairs\13.PrimePairs.csproj", "{0D2B937E-7272-4F4A-B6BD-B8C700D88EBC}"
EndProject
Global
	GlobalSection(SolutionConfigurationPlatforms) = preSolution
		Debug|Any CPU = Debug|Any CPU
		Release|Any CPU = Release|Any CPU
	EndGlobalSection
	GlobalSection(ProjectConfigurationPlatforms) = postSolution
		{CA3FBE0F-2E36-452D-A9F7-D151113160FA}.Debug|Any CPU.ActiveCfg = Debug|Any CPU
		{CA3FBE0F-2E36-452D-A9F7-D151113160FA}.Debug|Any CPU.Build.0 = Debug|Any CPU
		{CA3FBE0F-2E36-452D-A9F7-D151113160FA}.Release|Any CPU.ActiveCfg = Release|Any CPU
		{CA3FBE0F-2E36-452D-A9F7-D151113160FA}.Release|Any CPU.Build.0 = Release|Any CPU
		{CC597284-8AFE-4B4E-BD9B-D615E0FD6510}.Debug|Any CPU.ActiveCfg = Debug|Any CPU
		{CC597284-8AFE-4B4E-BD9B-D615E0FD6510}.Debug|Any CPU.Build.0 = Debug|Any CPU
		{CC597284-8AFE-4B4E-BD9B-D615E0FD6510}.Release|Any CPU.ActiveCfg = Release|Any CPU
		{CC597284-8AFE-4B4E-BD9B-D615E0FD6510}.Release|Any CPU.Build.0 = Release|Any CPU
		{A597C6DA-4EF5-4140-8BFD-DA14103F8AAF}.Debug|Any CPU.ActiveCfg = Debug|Any CPU
		{A597C6DA-4EF5-4140-8BFD-DA14103F8AAF}.Debug|Any CPU.Build.0 = Debug|Any CPU
		{A597C6DA-4EF5-4140-8BFD-DA14103F8AAF}.Release|Any CPU.ActiveCfg = Release|Any CPU
		{A597C6DA-4EF5-4140-8BFD-DA14103F8AAF}.Release|Any CPU.Build.0 = Release|Any CPU
		{2A637A98-C73C-44EC-8813-71FF3A29020D}.Debug|Any CPU.ActiveCfg = Debug|Any CPU
		{2A637A98-C73C-44EC-8813-71FF3A29020D}.Debug|Any CPU.Build.0 = Debug|Any CPU
		{2A637A98-C73C-44EC-8813-71FF3A29020D}.Release|Any CPU.ActiveCfg = Release|Any CPU
		{2A637A98-C73C-44EC-8813-71FF3A29020D}.Release|Any CPU.Build.0 = Release|Any CPU
		{C68606FE-22AC-4322-B103-D39771D18029}.Debug|Any CPU.ActiveCfg = Debug|Any CPU
		{C68606FE-22AC-4322-B103-D39771D18029}.Debug|Any CPU.Build.0 = Debug|Any CPU
		{C68606FE-22AC-4322-B103-D39771D18029}.Release|Any CPU.ActiveCfg = Release|Any CPU
		{C68606FE-22AC-4322-B103-D39771D18029}.Release|Any CPU.Build.0 = Release|Any CPU
		{A48C8777-21F5-4F1B-83BB-0B8C693DF144}.Debug|Any CPU.ActiveCfg = Debug|Any CPU
		{A48C8777-21F5-4F1B-83BB-0B8C693DF144}.Debug|Any CPU.Build.0 = Debug|Any CPU
		{A48C8777-21F5-4F1B-83BB-0B8C693DF144}.Release|Any CPU.ActiveCfg = Release|Any CPU
		{A48C8777-21F5-4F1B-83BB-0B8C693DF144}.Release|Any CPU.Build.0 = Release|Any CPU
		{DD9B5F79-47FD-4852-8D54-0C3FC4DD0F46}.Debug|Any CPU.ActiveCfg = Debug|Any CPU
		{DD9B5F79-47FD-4852-8D54-0C3FC4DD0F46}.Debug|Any CPU.Build.0 = Debug|Any CPU
		{DD9B5F79-47FD-4852-8D54-0C3FC4DD0F46}.Release|Any CPU.ActiveCfg = Release|Any CPU
		{DD9B5F79-47FD-4852-8D54-0C3FC4DD0F46}.Release|Any CPU.Build.0 = Release|Any CPU
		{66746BAA-D740-44B3-8963-C1431B721137}.Debug|Any CPU.ActiveCfg = Debug|Any CPU
		{66746BAA-D740-44B3-8963-C1431B721137}.Debug|Any CPU.Build.0 = Debug|Any CPU
		{66746BAA-D740-44B3-8963-C1431B721137}.Release|Any CPU.ActiveCfg = Release|Any CPU
		{66746BAA-D740-44B3-8963-C1431B721137}.Release|Any CPU.Build.0 = Release|Any CPU
		{37EC5EF4-0056-4FD7-AA09-89D73C144375}.Debug|Any CPU.ActiveCfg = Debug|Any CPU
		{37EC5EF4-0056-4FD7-AA09-89D73C144375}.Debug|Any CPU.Build.0 = Debug|Any CPU
		{37EC5EF4-0056-4FD7-AA09-89D73C144375}.Release|Any CPU.ActiveCfg = Release|Any CPU
		{37EC5EF4-0056-4FD7-AA09-89D73C144375}.Release|Any CPU.Build.0 = Release|Any CPU
		{BA38CED0-E6CD-412B-A016-25AB478CDC3E}.Debug|Any CPU.ActiveCfg = Debug|Any CPU
		{BA38CED0-E6CD-412B-A016-25AB478CDC3E}.Debug|Any CPU.Build.0 = Debug|Any CPU
		{BA38CED0-E6CD-412B-A016-25AB478CDC3E}.Release|Any CPU.ActiveCfg = Release|Any CPU
		{BA38CED0-E6CD-412B-A016-25AB478CDC3E}.Release|Any CPU.Build.0 = Release|Any CPU
		{2A67CEE3-1E19-47B8-A5BF-ECFA9EE00885}.Debug|Any CPU.ActiveCfg = Debug|Any CPU
		{2A67CEE3-1E19-47B8-A5BF-ECFA9EE00885}.Debug|Any CPU.Build.0 = Debug|Any CPU
		{2A67CEE3-1E19-47B8-A5BF-ECFA9EE00885}.Release|Any CPU.ActiveCfg = Release|Any CPU
		{2A67CEE3-1E19-47B8-A5BF-ECFA9EE00885}.Release|Any CPU.Build.0 = Release|Any CPU
		{6D3EDAC1-3926-47D7-8CF0-C7155E3D6002}.Debug|Any CPU.ActiveCfg = Debug|Any CPU
		{6D3EDAC1-3926-47D7-8CF0-C7155E3D6002}.Debug|Any CPU.Build.0 = Debug|Any CPU
		{6D3EDAC1-3926-47D7-8CF0-C7155E3D6002}.Release|Any CPU.ActiveCfg = Release|Any CPU
		{6D3EDAC1-3926-47D7-8CF0-C7155E3D6002}.Release|Any CPU.Build.0 = Release|Any CPU
		{0D2B937E-7272-4F4A-B6BD-B8C700D88EBC}.Debug|Any CPU.ActiveCfg = Debug|Any CPU
		{0D2B937E-7272-4F4A-B6BD-B8C700D88EBC}.Debug|Any CPU.Build.0 = Debug|Any CPU
		{0D2B937E-7272-4F4A-B6BD-B8C700D88EBC}.Release|Any CPU.ActiveCfg = Release|Any CPU
		{0D2B937E-7272-4F4A-B6BD-B8C700D88EBC}.Release|Any CPU.Build.0 = Release|Any CPU
	EndGlobalSection
	GlobalSection(SolutionProperties) = preSolution
		HideSolutionNode = FALSE
	EndGlobalSection
	GlobalSection(ExtensibilityGlobals) = postSolution
		SolutionGuid = {B47C79F9-1BB7-4240-A5D1-575E0CE3F8A9}
	EndGlobalSection
EndGlobal
