
Microsoft Visual Studio Solution File, Format Version 12.00
# Visual Studio Version 16
VisualStudioVersion = 16.0.31613.86
MinimumVisualStudioVersion = 10.0.40219.1
Project("{9A19103F-16F7-4668-BE54-9A1E7A4F7556}") = "01.OldBooks", "01.OldBooks\01.OldBooks.csproj", "{BE213546-7360-41D7-AECD-899831983794}"
EndProject
Project("{9A19103F-16F7-4668-BE54-9A1E7A4F7556}") = "02.ExamPreparation", "02.ExamPreparation\02.ExamPreparation.csproj", "{08F5766A-8FD4-4613-AAD3-873FAF09B589}"
EndProject
Project("{9A19103F-16F7-4668-BE54-9A1E7A4F7556}") = "03.Vacation", "03.Vacation\03.Vacation.csproj", "{053C79B0-7AF1-4BC3-9F77-40626F33B5F1}"
EndProject
Project("{9A19103F-16F7-4668-BE54-9A1E7A4F7556}") = "04.Walking", "04.Walking\04.Walking.csproj", "{99EB927F-B237-42CA-A368-AFD1D31FCDCD}"
EndProject
Project("{FAE04EC0-301F-11D3-BF4B-00C04F79EFBC}") = "05.Coins", "05.Coins\05.Coins.csproj", "{9EFDD04B-693A-4B18-9F2D-BE0E12B20D03}"
EndProject
Project("{FAE04EC0-301F-11D3-BF4B-00C04F79EFBC}") = "06.Cake", "06.Cake\06.Cake.csproj", "{1D8933A8-1A7A-42D6-83DF-7DDE85EAEA26}"
EndProject
Global
	GlobalSection(SolutionConfigurationPlatforms) = preSolution
		Debug|Any CPU = Debug|Any CPU
		Release|Any CPU = Release|Any CPU
	EndGlobalSection
	GlobalSection(ProjectConfigurationPlatforms) = postSolution
		{BE213546-7360-41D7-AECD-899831983794}.Debug|Any CPU.ActiveCfg = Debug|Any CPU
		{BE213546-7360-41D7-AECD-899831983794}.Debug|Any CPU.Build.0 = Debug|Any CPU
		{BE213546-7360-41D7-AECD-899831983794}.Release|Any CPU.ActiveCfg = Release|Any CPU
		{BE213546-7360-41D7-AECD-899831983794}.Release|Any CPU.Build.0 = Release|Any CPU
		{08F5766A-8FD4-4613-AAD3-873FAF09B589}.Debug|Any CPU.ActiveCfg = Debug|Any CPU
		{08F5766A-8FD4-4613-AAD3-873FAF09B589}.Debug|Any CPU.Build.0 = Debug|Any CPU
		{08F5766A-8FD4-4613-AAD3-873FAF09B589}.Release|Any CPU.ActiveCfg = Release|Any CPU
		{08F5766A-8FD4-4613-AAD3-873FAF09B589}.Release|Any CPU.Build.0 = Release|Any CPU
		{053C79B0-7AF1-4BC3-9F77-40626F33B5F1}.Debug|Any CPU.ActiveCfg = Debug|Any CPU
		{053C79B0-7AF1-4BC3-9F77-40626F33B5F1}.Debug|Any CPU.Build.0 = Debug|Any CPU
		{053C79B0-7AF1-4BC3-9F77-40626F33B5F1}.Release|Any CPU.ActiveCfg = Release|Any CPU
		{053C79B0-7AF1-4BC3-9F77-40626F33B5F1}.Release|Any CPU.Build.0 = Release|Any CPU
		{99EB927F-B237-42CA-A368-AFD1D31FCDCD}.Debug|Any CPU.ActiveCfg = Debug|Any CPU
		{99EB927F-B237-42CA-A368-AFD1D31FCDCD}.Debug|Any CPU.Build.0 = Debug|Any CPU
		{99EB927F-B237-42CA-A368-AFD1D31FCDCD}.Release|Any CPU.ActiveCfg = Release|Any CPU
		{99EB927F-B237-42CA-A368-AFD1D31FCDCD}.Release|Any CPU.Build.0 = Release|Any CPU
		{9EFDD04B-693A-4B18-9F2D-BE0E12B20D03}.Debug|Any CPU.ActiveCfg = Debug|Any CPU
		{9EFDD04B-693A-4B18-9F2D-BE0E12B20D03}.Debug|Any CPU.Build.0 = Debug|Any CPU
		{9EFDD04B-693A-4B18-9F2D-BE0E12B20D03}.Release|Any CPU.ActiveCfg = Release|Any CPU
		{9EFDD04B-693A-4B18-9F2D-BE0E12B20D03}.Release|Any CPU.Build.0 = Release|Any CPU
		{1D8933A8-1A7A-42D6-83DF-7DDE85EAEA26}.Debug|Any CPU.ActiveCfg = Debug|Any CPU
		{1D8933A8-1A7A-42D6-83DF-7DDE85EAEA26}.Debug|Any CPU.Build.0 = Debug|Any CPU
		{1D8933A8-1A7A-42D6-83DF-7DDE85EAEA26}.Release|Any CPU.ActiveCfg = Release|Any CPU
		{1D8933A8-1A7A-42D6-83DF-7DDE85EAEA26}.Release|Any CPU.Build.0 = Release|Any CPU
	EndGlobalSection
	GlobalSection(SolutionProperties) = preSolution
		HideSolutionNode = FALSE
	EndGlobalSection
	GlobalSection(ExtensibilityGlobals) = postSolution
		SolutionGuid = {00DBCC38-69CA-47D8-A50B-6D6EF74FAF51}
	EndGlobalSection
EndGlobal
