
Microsoft Visual Studio Solution File, Format Version 12.00
# Visual Studio Version 17
VisualStudioVersion = 17.3.32929.385
MinimumVisualStudioVersion = 10.0.40219.1
Project("{FAE04EC0-301F-11D3-BF4B-00C04F79EFBC}") = "01.ExtractPersonInformation", "01.ExtractPersonInformation\01.ExtractPersonInformation.csproj", "{EF04B88C-7318-4D63-8F1D-FB714403F0E7}"
EndProject
Project("{FAE04EC0-301F-11D3-BF4B-00C04F79EFBC}") = "02.AsciiSumator", "02.AsciiSumator\02.AsciiSumator.csproj", "{C7CA6FA5-F019-45B6-ABD5-33A803135BBC}"
EndProject
Project("{FAE04EC0-301F-11D3-BF4B-00C04F79EFBC}") = "03.TreasureFinder", "03.TreasureFinder\03.TreasureFinder.csproj", "{90076D74-48DE-4144-8A7F-C607B14E561B}"
EndProject
Project("{FAE04EC0-301F-11D3-BF4B-00C04F79EFBC}") = "04.MorseCodeTranslator", "04.MorseCodeTranslator\04.MorseCodeTranslator.csproj", "{18DEE78D-92AE-4790-8270-1735818F2EC3}"
EndProject
Project("{FAE04EC0-301F-11D3-BF4B-00C04F79EFBC}") = "05.HTML", "05.HTML\05.HTML.csproj", "{14D09831-5FE2-43FD-9B44-88574FBAF5BD}"
EndProject
Global
	GlobalSection(SolutionConfigurationPlatforms) = preSolution
		Debug|Any CPU = Debug|Any CPU
		Release|Any CPU = Release|Any CPU
	EndGlobalSection
	GlobalSection(ProjectConfigurationPlatforms) = postSolution
		{EF04B88C-7318-4D63-8F1D-FB714403F0E7}.Debug|Any CPU.ActiveCfg = Debug|Any CPU
		{EF04B88C-7318-4D63-8F1D-FB714403F0E7}.Debug|Any CPU.Build.0 = Debug|Any CPU
		{EF04B88C-7318-4D63-8F1D-FB714403F0E7}.Release|Any CPU.ActiveCfg = Release|Any CPU
		{EF04B88C-7318-4D63-8F1D-FB714403F0E7}.Release|Any CPU.Build.0 = Release|Any CPU
		{C7CA6FA5-F019-45B6-ABD5-33A803135BBC}.Debug|Any CPU.ActiveCfg = Debug|Any CPU
		{C7CA6FA5-F019-45B6-ABD5-33A803135BBC}.Debug|Any CPU.Build.0 = Debug|Any CPU
		{C7CA6FA5-F019-45B6-ABD5-33A803135BBC}.Release|Any CPU.ActiveCfg = Release|Any CPU
		{C7CA6FA5-F019-45B6-ABD5-33A803135BBC}.Release|Any CPU.Build.0 = Release|Any CPU
		{90076D74-48DE-4144-8A7F-C607B14E561B}.Debug|Any CPU.ActiveCfg = Debug|Any CPU
		{90076D74-48DE-4144-8A7F-C607B14E561B}.Debug|Any CPU.Build.0 = Debug|Any CPU
		{90076D74-48DE-4144-8A7F-C607B14E561B}.Release|Any CPU.ActiveCfg = Release|Any CPU
		{90076D74-48DE-4144-8A7F-C607B14E561B}.Release|Any CPU.Build.0 = Release|Any CPU
		{18DEE78D-92AE-4790-8270-1735818F2EC3}.Debug|Any CPU.ActiveCfg = Debug|Any CPU
		{18DEE78D-92AE-4790-8270-1735818F2EC3}.Debug|Any CPU.Build.0 = Debug|Any CPU
		{18DEE78D-92AE-4790-8270-1735818F2EC3}.Release|Any CPU.ActiveCfg = Release|Any CPU
		{18DEE78D-92AE-4790-8270-1735818F2EC3}.Release|Any CPU.Build.0 = Release|Any CPU
		{14D09831-5FE2-43FD-9B44-88574FBAF5BD}.Debug|Any CPU.ActiveCfg = Debug|Any CPU
		{14D09831-5FE2-43FD-9B44-88574FBAF5BD}.Debug|Any CPU.Build.0 = Debug|Any CPU
		{14D09831-5FE2-43FD-9B44-88574FBAF5BD}.Release|Any CPU.ActiveCfg = Release|Any CPU
		{14D09831-5FE2-43FD-9B44-88574FBAF5BD}.Release|Any CPU.Build.0 = Release|Any CPU
	EndGlobalSection
	GlobalSection(SolutionProperties) = preSolution
		HideSolutionNode = FALSE
	EndGlobalSection
	GlobalSection(ExtensibilityGlobals) = postSolution
		SolutionGuid = {ACC27946-597E-40E3-8E2F-C1CF3E9412C8}
	EndGlobalSection
EndGlobal
