
Microsoft Visual Studio Solution File, Format Version 12.00
# Visual Studio Version 16
VisualStudioVersion = 16.0.31613.86
MinimumVisualStudioVersion = 10.0.40219.1
Project("{9A19103F-16F7-4668-BE54-9A1E7A4F7556}") = "01.EncryptSortAndPrintArray", "01.EncryptSortAndPrintArray\01.EncryptSortAndPrintArray.csproj", "{FF2A6068-9511-4014-BAE2-AAD9C96483F7}"
EndProject
Project("{9A19103F-16F7-4668-BE54-9A1E7A4F7556}") = "02.PascalTriangle", "02.PascalTriangle\02.PascalTriangle.csproj", "{27056387-E384-4C5C-AD5E-9B9CF3FBD670}"
EndProject
Project("{9A19103F-16F7-4668-BE54-9A1E7A4F7556}") = "03.RecursiveFibonacci", "03.RecursiveFibonacci\03.RecursiveFibonacci.csproj", "{9B4B8284-49A2-44F2-AEEE-FBA702A1DB31}"
EndProject
Project("{FAE04EC0-301F-11D3-BF4B-00C04F79EFBC}") = "04.FoldAndSum", "04.FoldAndSum\04.FoldAndSum.csproj", "{0A68425F-FD90-4826-9885-2BE3CD33295E}"
EndProject
Project("{FAE04EC0-301F-11D3-BF4B-00C04F79EFBC}") = "05.LongestIncreasingSubsequence", "05.LongestIncreasingSubsequence\05.LongestIncreasingSubsequence.csproj", "{14CCFEE4-8E0B-47FA-99FF-FBBE05BE8FD0}"
EndProject
Global
	GlobalSection(SolutionConfigurationPlatforms) = preSolution
		Debug|Any CPU = Debug|Any CPU
		Release|Any CPU = Release|Any CPU
	EndGlobalSection
	GlobalSection(ProjectConfigurationPlatforms) = postSolution
		{FF2A6068-9511-4014-BAE2-AAD9C96483F7}.Debug|Any CPU.ActiveCfg = Debug|Any CPU
		{FF2A6068-9511-4014-BAE2-AAD9C96483F7}.Debug|Any CPU.Build.0 = Debug|Any CPU
		{FF2A6068-9511-4014-BAE2-AAD9C96483F7}.Release|Any CPU.ActiveCfg = Release|Any CPU
		{FF2A6068-9511-4014-BAE2-AAD9C96483F7}.Release|Any CPU.Build.0 = Release|Any CPU
		{27056387-E384-4C5C-AD5E-9B9CF3FBD670}.Debug|Any CPU.ActiveCfg = Debug|Any CPU
		{27056387-E384-4C5C-AD5E-9B9CF3FBD670}.Debug|Any CPU.Build.0 = Debug|Any CPU
		{27056387-E384-4C5C-AD5E-9B9CF3FBD670}.Release|Any CPU.ActiveCfg = Release|Any CPU
		{27056387-E384-4C5C-AD5E-9B9CF3FBD670}.Release|Any CPU.Build.0 = Release|Any CPU
		{9B4B8284-49A2-44F2-AEEE-FBA702A1DB31}.Debug|Any CPU.ActiveCfg = Debug|Any CPU
		{9B4B8284-49A2-44F2-AEEE-FBA702A1DB31}.Debug|Any CPU.Build.0 = Debug|Any CPU
		{9B4B8284-49A2-44F2-AEEE-FBA702A1DB31}.Release|Any CPU.ActiveCfg = Release|Any CPU
		{9B4B8284-49A2-44F2-AEEE-FBA702A1DB31}.Release|Any CPU.Build.0 = Release|Any CPU
		{0A68425F-FD90-4826-9885-2BE3CD33295E}.Debug|Any CPU.ActiveCfg = Debug|Any CPU
		{0A68425F-FD90-4826-9885-2BE3CD33295E}.Debug|Any CPU.Build.0 = Debug|Any CPU
		{0A68425F-FD90-4826-9885-2BE3CD33295E}.Release|Any CPU.ActiveCfg = Release|Any CPU
		{0A68425F-FD90-4826-9885-2BE3CD33295E}.Release|Any CPU.Build.0 = Release|Any CPU
		{14CCFEE4-8E0B-47FA-99FF-FBBE05BE8FD0}.Debug|Any CPU.ActiveCfg = Debug|Any CPU
		{14CCFEE4-8E0B-47FA-99FF-FBBE05BE8FD0}.Debug|Any CPU.Build.0 = Debug|Any CPU
		{14CCFEE4-8E0B-47FA-99FF-FBBE05BE8FD0}.Release|Any CPU.ActiveCfg = Release|Any CPU
		{14CCFEE4-8E0B-47FA-99FF-FBBE05BE8FD0}.Release|Any CPU.Build.0 = Release|Any CPU
	EndGlobalSection
	GlobalSection(SolutionProperties) = preSolution
		HideSolutionNode = FALSE
	EndGlobalSection
	GlobalSection(ExtensibilityGlobals) = postSolution
		SolutionGuid = {74978D9F-5D96-44A2-AF3A-7E50A928C69C}
	EndGlobalSection
EndGlobal
